packages:
  apb:
    revision: 77ddf073f194d44b9119949d2421be59789e69ae
    version: 0.2.4
    source:
      Git: https://github.com/pulp-platform/apb.git
    dependencies:
    - common_cells
  axi:
    revision: a256a3b86394fedf19e361047fccfdd7f6ef83e4
    version: 0.39.9
    source:
      Git: https://github.com/pulp-platform/axi.git
    dependencies:
    - common_cells
    - common_verification
    - tech_cells_generic
  axi_riscv_atomics:
    revision: 0ac3a78fe342c5a5b9b10bff49d58897f773059e
    version: 0.8.2
    source:
      Git: https://github.com/pulp-platform/axi_riscv_atomics.git
    dependencies:
    - axi
    - common_cells
    - common_verification
  cluster_interconnect:
    revision: 8c6c2273d60077002834d2cb5d8e44ee0de3e32c
    version: null
    source:
      Git: https://github.com/pulp-platform/cluster_interconnect.git
    dependencies:
    - common_cells
  common_cells:
    revision: 9ca8a7655f741e7dd5736669a20a301325194c28
    version: 1.39.0
    source:
      Git: https://github.com/pulp-platform/common_cells.git
    dependencies:
    - common_verification
    - tech_cells_generic
  common_verification:
    revision: fb1885f48ea46164a10568aeff51884389f67ae3
    version: 0.2.5
    source:
      Git: https://github.com/pulp-platform/common_verification.git
    dependencies: []
  floo_noc:
    revision: 3b2f7bfd1a648d6757b640610ba748cd33904fc7
    version: null
    source:
      Git: https://github.com/pulp-platform/FlooNoC.git
    dependencies:
    - axi
    - axi_riscv_atomics
    - common_cells
    - common_verification
    - idma
  fpnew:
    revision: a8e0cba6dd50f357ece73c2c955d96efc3c6c315
    version: null
    source:
      Git: https://github.com/pulp-platform/cvfpu.git
    dependencies:
    - common_cells
    - fpu_div_sqrt_mvp
  fpu_div_sqrt_mvp:
    revision: 86e1f558b3c95e91577c41b2fc452c86b04e85ac
    version: 1.0.4
    source:
      Git: https://github.com/pulp-platform/fpu_div_sqrt_mvp.git
    dependencies:
    - common_cells
  idma:
    revision: null
    version: null
    source:
      Path: hardware/deps/idma
    dependencies:
    - axi
    - common_cells
    - common_verification
    - register_interface
  register_interface:
    revision: d6e1d4cdaab7870f4faf3f88a1c788eaf5ac129d
    version: 0.4.7
    source:
      Git: https://github.com/pulp-platform/register_interface.git
    dependencies:
    - apb
    - axi
    - common_cells
    - common_verification
  reqrsp_interface:
    revision: null
    version: null
    source:
      Path: hardware/deps/reqrsp_interface
    dependencies:
    - axi
    - common_cells
  riscv-dbg:
    revision: 122510063a02e0d012f0497ffdbafca53d4e716b
    version: 0.7.0
    source:
      Git: https://github.com/pulp-platform/riscv-dbg.git
    dependencies:
    - common_cells
    - tech_cells_generic
  scm:
    revision: null
    version: null
    source:
      Path: hardware/deps/scm
    dependencies: []
  snitch:
    revision: null
    version: null
    source:
      Path: hardware/deps/snitch
    dependencies:
    - axi
    - common_cells
    - scm
  spatz:
    revision: 0e83f43792b8251140a0b4e12164d3e2480d350f
    version: null
    source:
      Git: https://github.com/pulp-platform/spatz.git
    dependencies:
    - axi
    - axi_riscv_atomics
    - common_cells
    - fpnew
    - idma
    - register_interface
    - riscv-dbg
    - tech_cells_generic
  tech_cells_generic:
    revision: 7968dd6e6180df2c644636bc6d2908a49f2190cf
    version: 0.2.13
    source:
      Git: https://github.com/pulp-platform/tech_cells_generic.git
    dependencies:
    - common_verification
